
Microsoft Visual Studio Solution File, Format Version 12.00
# Visual Studio Version 16
VisualStudioVersion = 16.0.29926.136
MinimumVisualStudioVersion = 10.0.40219.1
Project("{FAE04EC0-301F-11D3-BF4B-00C04F79EFBC}") = "RevitToRDFConverter", "RevitToRDFConverter.csproj", "{F6D070F7-B662-4101-BC42-A9422CE289E2}"
EndProject
Global
	GlobalSection(SolutionConfigurationPlatforms) = preSolution
		Debug|Any CPU = Debug|Any CPU
		Release|Any CPU = Release|Any CPU
	EndGlobalSection
	GlobalSection(ProjectConfigurationPlatforms) = postSolution
		{F6D070F7-B662-4101-BC42-A9422CE289E2}.Debug|Any CPU.ActiveCfg = Debug|Any CPU
		{F6D070F7-B662-4101-BC42-A9422CE289E2}.Debug|Any CPU.Build.0 = Debug|Any CPU
		{F6D070F7-B662-4101-BC42-A9422CE289E2}.Release|Any CPU.ActiveCfg = Release|Any CPU
		{F6D070F7-B662-4101-BC42-A9422CE289E2}.Release|Any CPU.Build.0 = Release|Any CPU
	EndGlobalSection
	GlobalSection(SolutionProperties) = preSolution
		HideSolutionNode = FALSE
	EndGlobalSection
	GlobalSection(ExtensibilityGlobals) = postSolution
		SolutionGuid = {A7D2ECDF-B570-4017-9207-3E26FF2AED8A}
	EndGlobalSection
EndGlobal
