
Microsoft Visual Studio Solution File, Format Version 12.00
# Visual Studio Version 16
VisualStudioVersion = 16.0.29926.136
MinimumVisualStudioVersion = 10.0.40219.1
Project("{FAE04EC0-301F-11D3-BF4B-00C04F79EFBC}") = "PostRequestTest", "PostRequestTest.csproj", "{CAEB71AE-BACD-4295-9E3B-61CF5DB6C4CF}"
EndProject
Global
	GlobalSection(SolutionConfigurationPlatforms) = preSolution
		Debug|Any CPU = Debug|Any CPU
		Release|Any CPU = Release|Any CPU
	EndGlobalSection
	GlobalSection(ProjectConfigurationPlatforms) = postSolution
		{CAEB71AE-BACD-4295-9E3B-61CF5DB6C4CF}.Debug|Any CPU.ActiveCfg = Debug|Any CPU
		{CAEB71AE-BACD-4295-9E3B-61CF5DB6C4CF}.Debug|Any CPU.Build.0 = Debug|Any CPU
		{CAEB71AE-BACD-4295-9E3B-61CF5DB6C4CF}.Release|Any CPU.ActiveCfg = Release|Any CPU
		{CAEB71AE-BACD-4295-9E3B-61CF5DB6C4CF}.Release|Any CPU.Build.0 = Release|Any CPU
	EndGlobalSection
	GlobalSection(SolutionProperties) = preSolution
		HideSolutionNode = FALSE
	EndGlobalSection
	GlobalSection(ExtensibilityGlobals) = postSolution
		SolutionGuid = {1FD5EACE-634F-43AD-9E6F-7932BAF978E3}
	EndGlobalSection
EndGlobal
